// !$*UTF8*$!
{
	archiveVersion = 1;
	classes = {
	};
	objectVersion = 46;
	objects = {

/* Begin PBXBuildFile section */
		9D9C8CE2D713FCF01836848A /* libPods.a in Frameworks */ = {isa = PBXBuildFile; fileRef = 8DD71BA442C1F6C110335358 /* libPods.a */; };
		B04A9F861BCE45FC000EF2E2 /* main.m in Sources */ = {isa = PBXBuildFile; fileRef = B04A9F851BCE45FC000EF2E2 /* main.m */; };
		B04A9F891BCE45FC000EF2E2 /* AppDelegate.m in Sources */ = {isa = PBXBuildFile; fileRef = B04A9F881BCE45FC000EF2E2 /* AppDelegate.m */; };
		B04A9F8F1BCE45FC000EF2E2 /* Main.storyboard in Resources */ = {isa = PBXBuildFile; fileRef = B04A9F8D1BCE45FC000EF2E2 /* Main.storyboard */; };
		B04A9F911BCE45FC000EF2E2 /* Images.xcassets in Resources */ = {isa = PBXBuildFile; fileRef = B04A9F901BCE45FC000EF2E2 /* Images.xcassets */; };
		B04A9F941BCE45FC000EF2E2 /* LaunchScreen.xib in Resources */ = {isa = PBXBuildFile; fileRef = B04A9F921BCE45FC000EF2E2 /* LaunchScreen.xib */; };
		B04A9FA01BCE45FC000EF2E2 /* ____Tests.m in Sources */ = {isa = PBXBuildFile; fileRef = B04A9F9F1BCE45FC000EF2E2 /* ____Tests.m */; };
		B04A9FB31BCE49B0000EF2E2 /* MainViewController.m in Sources */ = {isa = PBXBuildFile; fileRef = B04A9FB21BCE49B0000EF2E2 /* MainViewController.m */; };
		B04A9FB61BCE4ADE000EF2E2 /* TitleViewController.m in Sources */ = {isa = PBXBuildFile; fileRef = B04A9FB51BCE4ADE000EF2E2 /* TitleViewController.m */; };
		B04A9FB91BCE4B07000EF2E2 /* FirstViewController.m in Sources */ = {isa = PBXBuildFile; fileRef = B04A9FB81BCE4B07000EF2E2 /* FirstViewController.m */; };
		B04A9FBC1BCE4E4A000EF2E2 /* DetailViewController.m in Sources */ = {isa = PBXBuildFile; fileRef = B04A9FBB1BCE4E4A000EF2E2 /* DetailViewController.m */; };
		B04A9FBF1BCE510E000EF2E2 /* DetailOneViewController.m in Sources */ = {isa = PBXBuildFile; fileRef = B04A9FBE1BCE510E000EF2E2 /* DetailOneViewController.m */; };
		B06CD74F1BCFD5F70020C15E /* ShadowView.m in Sources */ = {isa = PBXBuildFile; fileRef = B06CD74E1BCFD5F70020C15E /* ShadowView.m */; };
		B06CD7811BD09B7A0020C15E /* AppIcon29x29@2x.png in Resources */ = {isa = PBXBuildFile; fileRef = B06CD7501BD09B7A0020C15E /* AppIcon29x29@2x.png */; };
		B06CD7821BD09B7A0020C15E /* AppIcon29x29@3x.png in Resources */ = {isa = PBXBuildFile; fileRef = B06CD7511BD09B7A0020C15E /* AppIcon29x29@3x.png */; };
		B06CD7831BD09B7A0020C15E /* AppIcon40x40@2x.png in Resources */ = {isa = PBXBuildFile; fileRef = B06CD7521BD09B7A0020C15E /* AppIcon40x40@2x.png */; };
		B06CD7841BD09B7A0020C15E /* AppIcon40x40@3x.png in Resources */ = {isa = PBXBuildFile; fileRef = B06CD7531BD09B7A0020C15E /* AppIcon40x40@3x.png */; };
		B06CD7851BD09B7A0020C15E /* AppIcon60x60@2x.png in Resources */ = {isa = PBXBuildFile; fileRef = B06CD7541BD09B7A0020C15E /* AppIcon60x60@2x.png */; };
		B06CD7861BD09B7A0020C15E /* AppIcon60x60@3x.png in Resources */ = {isa = PBXBuildFile; fileRef = B06CD7551BD09B7A0020C15E /* AppIcon60x60@3x.png */; };
		B06CD7871BD09B7A0020C15E /* blur.jpg in Resources */ = {isa = PBXBuildFile; fileRef = B06CD7561BD09B7A0020C15E /* blur.jpg */; };
		B06CD7881BD09B7A0020C15E /* btn_post.png in Resources */ = {isa = PBXBuildFile; fileRef = B06CD7571BD09B7A0020C15E /* btn_post.png */; };
		B06CD7891BD09B7A0020C15E /* btn_post@2x.png in Resources */ = {isa = PBXBuildFile; fileRef = B06CD7581BD09B7A0020C15E /* btn_post@2x.png */; };
		B06CD78A1BD09B7A0020C15E /* Clock-32@2x.png in Resources */ = {isa = PBXBuildFile; fileRef = B06CD7591BD09B7A0020C15E /* Clock-32@2x.png */; };
		B06CD78B1BD09B7A0020C15E /* comment.png in Resources */ = {isa = PBXBuildFile; fileRef = B06CD75A1BD09B7A0020C15E /* comment.png */; };
		B06CD78C1BD09B7A0020C15E /* Comments-32@2x.png in Resources */ = {isa = PBXBuildFile; fileRef = B06CD75B1BD09B7A0020C15E /* Comments-32@2x.png */; };
		B06CD78D1BD09B7A0020C15E /* default_placeholder.png in Resources */ = {isa = PBXBuildFile; fileRef = B06CD75C1BD09B7A0020C15E /* default_placeholder.png */; };
		B06CD78E1BD09B7A0020C15E /* Domain-32@2x.png in Resources */ = {isa = PBXBuildFile; fileRef = B06CD75D1BD09B7A0020C15E /* Domain-32@2x.png */; };
		B06CD78F1BD09B7A0020C15E /* enlarge.png in Resources */ = {isa = PBXBuildFile; fileRef = B06CD75E1BD09B7A0020C15E /* enlarge.png */; };
		B06CD7901BD09B7A0020C15E /* equalizer.gif in Resources */ = {isa = PBXBuildFile; fileRef = B06CD75F1BD09B7A0020C15E /* equalizer.gif */; };
		B06CD7911BD09B7A0020C15E /* Facebook-32@2x.png in Resources */ = {isa = PBXBuildFile; fileRef = B06CD7601BD09B7A0020C15E /* Facebook-32@2x.png */; };
		B06CD7921BD09B7A0020C15E /* forward-512.png in Resources */ = {isa = PBXBuildFile; fileRef = B06CD7611BD09B7A0020C15E /* forward-512.png */; };
		B06CD7931BD09B7A0020C15E /* Graduation-Cap-32@2x.png in Resources */ = {isa = PBXBuildFile; fileRef = B06CD7621BD09B7A0020C15E /* Graduation-Cap-32@2x.png */; };
		B06CD7941BD09B7A0020C15E /* ic_menu_back.png in Resources */ = {isa = PBXBuildFile; fileRef = B06CD7631BD09B7A0020C15E /* ic_menu_back.png */; };
		B06CD7951BD09B7A0020C15E /* ic_menu_forward.png in Resources */ = {isa = PBXBuildFile; fileRef = B06CD7641BD09B7A0020C15E /* ic_menu_forward.png */; };
		B06CD7961BD09B7A0020C15E /* ic_pause_active.png in Resources */ = {isa = PBXBuildFile; fileRef = B06CD7651BD09B7A0020C15E /* ic_pause_active.png */; };
		B06CD7971BD09B7A0020C15E /* ic_pause_unactive.png in Resources */ = {isa = PBXBuildFile; fileRef = B06CD7661BD09B7A0020C15E /* ic_pause_unactive.png */; };
		B06CD7981BD09B7A0020C15E /* ic_play_active.png in Resources */ = {isa = PBXBuildFile; fileRef = B06CD7671BD09B7A0020C15E /* ic_play_active.png */; };
		B06CD7991BD09B7A0020C15E /* ic_play_unactive.png in Resources */ = {isa = PBXBuildFile; fileRef = B06CD7681BD09B7A0020C15E /* ic_play_unactive.png */; };
		B06CD79A1BD09B7A0020C15E /* Instagram-32@2x.png in Resources */ = {isa = PBXBuildFile; fileRef = B06CD7691BD09B7A0020C15E /* Instagram-32@2x.png */; };
		B06CD79B1BD09B7A0020C15E /* LaunchImage-700-568h@2x.png in Resources */ = {isa = PBXBuildFile; fileRef = B06CD76A1BD09B7A0020C15E /* LaunchImage-700-568h@2x.png */; };
		B06CD79C1BD09B7A0020C15E /* LaunchImage-700@2x.png in Resources */ = {isa = PBXBuildFile; fileRef = B06CD76B1BD09B7A0020C15E /* LaunchImage-700@2x.png */; };
		B06CD79D1BD09B7A0020C15E /* LaunchImage-800-667h@2x.png in Resources */ = {isa = PBXBuildFile; fileRef = B06CD76C1BD09B7A0020C15E /* LaunchImage-800-667h@2x.png */; };
		B06CD79E1BD09B7A0020C15E /* LaunchImage-800-Portrait-736h@3x.png in Resources */ = {isa = PBXBuildFile; fileRef = B06CD76D1BD09B7A0020C15E /* LaunchImage-800-Portrait-736h@3x.png */; };
		B06CD79F1BD09B7A0020C15E /* like.png in Resources */ = {isa = PBXBuildFile; fileRef = B06CD76E1BD09B7A0020C15E /* like.png */; };
		B06CD7A01BD09B7A0020C15E /* Location-32@2x.png in Resources */ = {isa = PBXBuildFile; fileRef = B06CD76F1BD09B7A0020C15E /* Location-32@2x.png */; };
		B06CD7A11BD09B7A0020C15E /* Medal-32@2x.png in Resources */ = {isa = PBXBuildFile; fileRef = B06CD7701BD09B7A0020C15E /* Medal-32@2x.png */; };
		B06CD7A21BD09B7A0020C15E /* News-32@2x.png in Resources */ = {isa = PBXBuildFile; fileRef = B06CD7711BD09B7A0020C15E /* News-32@2x.png */; };
		B06CD7A31BD09B7A0020C15E /* Online-32@2x.png in Resources */ = {isa = PBXBuildFile; fileRef = B06CD7721BD09B7A0020C15E /* Online-32@2x.png */; };
		B06CD7A41BD09B7A0020C15E /* PkgInfo in Resources */ = {isa = PBXBuildFile; fileRef = B06CD7731BD09B7A0020C15E /* PkgInfo */; };
		B06CD7A51BD09B7A0020C15E /* play_button.png in Resources */ = {isa = PBXBuildFile; fileRef = B06CD7741BD09B7A0020C15E /* play_button.png */; };
		B06CD7A61BD09B7A0020C15E /* retweet.png in Resources */ = {isa = PBXBuildFile; fileRef = B06CD7751BD09B7A0020C15E /* retweet.png */; };
		B06CD7A71BD09B7A0020C15E /* reveal-icon.png in Resources */ = {isa = PBXBuildFile; fileRef = B06CD7761BD09B7A0020C15E /* reveal-icon.png */; };
		B06CD7A81BD09B7A0020C15E /* reveal-icon@2x.png in Resources */ = {isa = PBXBuildFile; fileRef = B06CD7771BD09B7A0020C15E /* reveal-icon@2x.png */; };
		B06CD7A91BD09B7A0020C15E /* share.png in Resources */ = {isa = PBXBuildFile; fileRef = B06CD7781BD09B7A0020C15E /* share.png */; };
		B06CD7AA1BD09B7A0020C15E /* Shopping-Bag-32@2x.png in Resources */ = {isa = PBXBuildFile; fileRef = B06CD7791BD09B7A0020C15E /* Shopping-Bag-32@2x.png */; };
		B06CD7AB1BD09B7A0020C15E /* Stack-Photos-32@2x.png in Resources */ = {isa = PBXBuildFile; fileRef = B06CD77A1BD09B7A0020C15E /* Stack-Photos-32@2x.png */; };
		B06CD7AC1BD09B7A0020C15E /* star.png in Resources */ = {isa = PBXBuildFile; fileRef = B06CD77B1BD09B7A0020C15E /* star.png */; };
		B06CD7AD1BD09B7A0020C15E /* style.css in Resources */ = {isa = PBXBuildFile; fileRef = B06CD77C1BD09B7A0020C15E /* style.css */; };
		B06CD7AE1BD09B7A0020C15E /* TV-Show-32@2x.png in Resources */ = {isa = PBXBuildFile; fileRef = B06CD77D1BD09B7A0020C15E /* TV-Show-32@2x.png */; };
		B06CD7AF1BD09B7A0020C15E /* Twitter-32@2x.png in Resources */ = {isa = PBXBuildFile; fileRef = B06CD77E1BD09B7A0020C15E /* Twitter-32@2x.png */; };
		B06CD7B01BD09B7A0020C15E /* wf.png in Resources */ = {isa = PBXBuildFile; fileRef = B06CD77F1BD09B7A0020C15E /* wf.png */; };
		B06CD7B11BD09B7A0020C15E /* youtube.png in Resources */ = {isa = PBXBuildFile; fileRef = B06CD7801BD09B7A0020C15E /* youtube.png */; };
/* End PBXBuildFile section */

/* Begin PBXContainerItemProxy section */
		B04A9F9A1BCE45FC000EF2E2 /* PBXContainerItemProxy */ = {
			isa = PBXContainerItemProxy;
			containerPortal = B04A9F781BCE45FC000EF2E2 /* Project object */;
			proxyType = 1;
			remoteGlobalIDString = B04A9F7F1BCE45FC000EF2E2;
			remoteInfo = "医药大典";
		};
/* End PBXContainerItemProxy section */

/* Begin PBXFileReference section */
		349551661278427623EAC986 /* Pods.release.xcconfig */ = {isa = PBXFileReference; includeInIndex = 1; lastKnownFileType = text.xcconfig; name = Pods.release.xcconfig; path = "Pods/Target Support Files/Pods/Pods.release.xcconfig"; sourceTree = "<group>"; };
		8DD71BA442C1F6C110335358 /* libPods.a */ = {isa = PBXFileReference; explicitFileType = archive.ar; includeInIndex = 0; path = libPods.a; sourceTree = BUILT_PRODUCTS_DIR; };
		A057D7A1D31F1BC4B4BC4FDB /* Pods.debug.xcconfig */ = {isa = PBXFileReference; includeInIndex = 1; lastKnownFileType = text.xcconfig; name = Pods.debug.xcconfig; path = "Pods/Target Support Files/Pods/Pods.debug.xcconfig"; sourceTree = "<group>"; };
		B04A9F801BCE45FC000EF2E2 /* 医药大典.app */ = {isa = PBXFileReference; explicitFileType = wrapper.application; includeInIndex = 0; path = "医药大典.app"; sourceTree = BUILT_PRODUCTS_DIR; };
		B04A9F841BCE45FC000EF2E2 /* Info.plist */ = {isa = PBXFileReference; lastKnownFileType = text.plist.xml; path = Info.plist; sourceTree = "<group>"; };
		B04A9F851BCE45FC000EF2E2 /* main.m */ = {isa = PBXFileReference; lastKnownFileType = sourcecode.c.objc; path = main.m; sourceTree = "<group>"; };
		B04A9F871BCE45FC000EF2E2 /* AppDelegate.h */ = {isa = PBXFileReference; lastKnownFileType = sourcecode.c.h; path = AppDelegate.h; sourceTree = "<group>"; };
		B04A9F881BCE45FC000EF2E2 /* AppDelegate.m */ = {isa = PBXFileReference; lastKnownFileType = sourcecode.c.objc; path = AppDelegate.m; sourceTree = "<group>"; };
		B04A9F8E1BCE45FC000EF2E2 /* Base */ = {isa = PBXFileReference; lastKnownFileType = file.storyboard; name = Base; path = Base.lproj/Main.storyboard; sourceTree = "<group>"; };
		B04A9F901BCE45FC000EF2E2 /* Images.xcassets */ = {isa = PBXFileReference; lastKnownFileType = folder.assetcatalog; path = Images.xcassets; sourceTree = "<group>"; };
		B04A9F931BCE45FC000EF2E2 /* Base */ = {isa = PBXFileReference; lastKnownFileType = file.xib; name = Base; path = Base.lproj/LaunchScreen.xib; sourceTree = "<group>"; };
		B04A9F991BCE45FC000EF2E2 /* 医药大典Tests.xctest */ = {isa = PBXFileReference; explicitFileType = wrapper.cfbundle; includeInIndex = 0; path = "医药大典Tests.xctest"; sourceTree = BUILT_PRODUCTS_DIR; };
		B04A9F9E1BCE45FC000EF2E2 /* Info.plist */ = {isa = PBXFileReference; lastKnownFileType = text.plist.xml; path = Info.plist; sourceTree = "<group>"; };
		B04A9F9F1BCE45FC000EF2E2 /* ____Tests.m */ = {isa = PBXFileReference; lastKnownFileType = sourcecode.c.objc; path = "____Tests.m"; sourceTree = "<group>"; };
		B04A9FB11BCE49B0000EF2E2 /* MainViewController.h */ = {isa = PBXFileReference; fileEncoding = 4; lastKnownFileType = sourcecode.c.h; path = MainViewController.h; sourceTree = "<group>"; };
		B04A9FB21BCE49B0000EF2E2 /* MainViewController.m */ = {isa = PBXFileReference; fileEncoding = 4; lastKnownFileType = sourcecode.c.objc; path = MainViewController.m; sourceTree = "<group>"; };
		B04A9FB41BCE4ADE000EF2E2 /* TitleViewController.h */ = {isa = PBXFileReference; fileEncoding = 4; lastKnownFileType = sourcecode.c.h; path = TitleViewController.h; sourceTree = "<group>"; };
		B04A9FB51BCE4ADE000EF2E2 /* TitleViewController.m */ = {isa = PBXFileReference; fileEncoding = 4; lastKnownFileType = sourcecode.c.objc; path = TitleViewController.m; sourceTree = "<group>"; };
		B04A9FB71BCE4B07000EF2E2 /* FirstViewController.h */ = {isa = PBXFileReference; fileEncoding = 4; lastKnownFileType = sourcecode.c.h; path = FirstViewController.h; sourceTree = "<group>"; };
		B04A9FB81BCE4B07000EF2E2 /* FirstViewController.m */ = {isa = PBXFileReference; fileEncoding = 4; lastKnownFileType = sourcecode.c.objc; path = FirstViewController.m; sourceTree = "<group>"; };
		B04A9FBA1BCE4E4A000EF2E2 /* DetailViewController.h */ = {isa = PBXFileReference; fileEncoding = 4; lastKnownFileType = sourcecode.c.h; path = DetailViewController.h; sourceTree = "<group>"; };
		B04A9FBB1BCE4E4A000EF2E2 /* DetailViewController.m */ = {isa = PBXFileReference; fileEncoding = 4; lastKnownFileType = sourcecode.c.objc; path = DetailViewController.m; sourceTree = "<group>"; };
		B04A9FBD1BCE510E000EF2E2 /* DetailOneViewController.h */ = {isa = PBXFileReference; fileEncoding = 4; lastKnownFileType = sourcecode.c.h; path = DetailOneViewController.h; sourceTree = "<group>"; };
		B04A9FBE1BCE510E000EF2E2 /* DetailOneViewController.m */ = {isa = PBXFileReference; fileEncoding = 4; lastKnownFileType = sourcecode.c.objc; path = DetailOneViewController.m; sourceTree = "<group>"; };
		B04A9FC01BCE74D2000EF2E2 /* zh-Hans */ = {isa = PBXFileReference; lastKnownFileType = file.storyboard; name = "zh-Hans"; path = "zh-Hans.lproj/Main.storyboard"; sourceTree = "<group>"; };
		B04A9FC11BCE74D2000EF2E2 /* zh-Hans */ = {isa = PBXFileReference; lastKnownFileType = text.plist.strings; name = "zh-Hans"; path = "zh-Hans.lproj/LaunchScreen.strings"; sourceTree = "<group>"; };
		B06CD74D1BCFD5F70020C15E /* ShadowView.h */ = {isa = PBXFileReference; fileEncoding = 4; lastKnownFileType = sourcecode.c.h; path = ShadowView.h; sourceTree = "<group>"; };
		B06CD74E1BCFD5F70020C15E /* ShadowView.m */ = {isa = PBXFileReference; fileEncoding = 4; lastKnownFileType = sourcecode.c.objc; path = ShadowView.m; sourceTree = "<group>"; };
		B06CD7501BD09B7A0020C15E /* AppIcon29x29@2x.png */ = {isa = PBXFileReference; lastKnownFileType = image.png; path = "AppIcon29x29@2x.png"; sourceTree = "<group>"; };
		B06CD7511BD09B7A0020C15E /* AppIcon29x29@3x.png */ = {isa = PBXFileReference; lastKnownFileType = image.png; path = "AppIcon29x29@3x.png"; sourceTree = "<group>"; };
		B06CD7521BD09B7A0020C15E /* AppIcon40x40@2x.png */ = {isa = PBXFileReference; lastKnownFileType = image.png; path = "AppIcon40x40@2x.png"; sourceTree = "<group>"; };
		B06CD7531BD09B7A0020C15E /* AppIcon40x40@3x.png */ = {isa = PBXFileReference; lastKnownFileType = image.png; path = "AppIcon40x40@3x.png"; sourceTree = "<group>"; };
		B06CD7541BD09B7A0020C15E /* AppIcon60x60@2x.png */ = {isa = PBXFileReference; lastKnownFileType = image.png; path = "AppIcon60x60@2x.png"; sourceTree = "<group>"; };
		B06CD7551BD09B7A0020C15E /* AppIcon60x60@3x.png */ = {isa = PBXFileReference; lastKnownFileType = image.png; path = "AppIcon60x60@3x.png"; sourceTree = "<group>"; };
		B06CD7561BD09B7A0020C15E /* blur.jpg */ = {isa = PBXFileReference; lastKnownFileType = image.jpeg; path = blur.jpg; sourceTree = "<group>"; };
		B06CD7571BD09B7A0020C15E /* btn_post.png */ = {isa = PBXFileReference; lastKnownFileType = image.png; path = btn_post.png; sourceTree = "<group>"; };
		B06CD7581BD09B7A0020C15E /* btn_post@2x.png */ = {isa = PBXFileReference; lastKnownFileType = image.png; path = "btn_post@2x.png"; sourceTree = "<group>"; };
		B06CD7591BD09B7A0020C15E /* Clock-32@2x.png */ = {isa = PBXFileReference; lastKnownFileType = image.png; path = "Clock-32@2x.png"; sourceTree = "<group>"; };
		B06CD75A1BD09B7A0020C15E /* comment.png */ = {isa = PBXFileReference; lastKnownFileType = image.png; path = comment.png; sourceTree = "<group>"; };
		B06CD75B1BD09B7A0020C15E /* Comments-32@2x.png */ = {isa = PBXFileReference; lastKnownFileType = image.png; path = "Comments-32@2x.png"; sourceTree = "<group>"; };
		B06CD75C1BD09B7A0020C15E /* default_placeholder.png */ = {isa = PBXFileReference; lastKnownFileType = image.png; path = default_placeholder.png; sourceTree = "<group>"; };
		B06CD75D1BD09B7A0020C15E /* Domain-32@2x.png */ = {isa = PBXFileReference; lastKnownFileType = image.png; path = "Domain-32@2x.png"; sourceTree = "<group>"; };
		B06CD75E1BD09B7A0020C15E /* enlarge.png */ = {isa = PBXFileReference; lastKnownFileType = image.png; path = enlarge.png; sourceTree = "<group>"; };
		B06CD75F1BD09B7A0020C15E /* equalizer.gif */ = {isa = PBXFileReference; lastKnownFileType = image.gif; path = equalizer.gif; sourceTree = "<group>"; };
		B06CD7601BD09B7A0020C15E /* Facebook-32@2x.png */ = {isa = PBXFileReference; lastKnownFileType = image.png; path = "Facebook-32@2x.png"; sourceTree = "<group>"; };
		B06CD7611BD09B7A0020C15E /* forward-512.png */ = {isa = PBXFileReference; lastKnownFileType = image.png; path = "forward-512.png"; sourceTree = "<group>"; };
		B06CD7621BD09B7A0020C15E /* Graduation-Cap-32@2x.png */ = {isa = PBXFileReference; lastKnownFileType = image.png; path = "Graduation-Cap-32@2x.png"; sourceTree = "<group>"; };
		B06CD7631BD09B7A0020C15E /* ic_menu_back.png */ = {isa = PBXFileReference; lastKnownFileType = image.png; path = ic_menu_back.png; sourceTree = "<group>"; };
		B06CD7641BD09B7A0020C15E /* ic_menu_forward.png */ = {isa = PBXFileReference; lastKnownFileType = image.png; path = ic_menu_forward.png; sourceTree = "<group>"; };
		B06CD7651BD09B7A0020C15E /* ic_pause_active.png */ = {isa = PBXFileReference; lastKnownFileType = image.png; path = ic_pause_active.png; sourceTree = "<group>"; };
		B06CD7661BD09B7A0020C15E /* ic_pause_unactive.png */ = {isa = PBXFileReference; lastKnownFileType = image.png; path = ic_pause_unactive.png; sourceTree = "<group>"; };
		B06CD7671BD09B7A0020C15E /* ic_play_active.png */ = {isa = PBXFileReference; lastKnownFileType = image.png; path = ic_play_active.png; sourceTree = "<group>"; };
		B06CD7681BD09B7A0020C15E /* ic_play_unactive.png */ = {isa = PBXFileReference; lastKnownFileType = image.png; path = ic_play_unactive.png; sourceTree = "<group>"; };
		B06CD7691BD09B7A0020C15E /* Instagram-32@2x.png */ = {isa = PBXFileReference; lastKnownFileType = image.png; path = "Instagram-32@2x.png"; sourceTree = "<group>"; };
		B06CD76A1BD09B7A0020C15E /* LaunchImage-700-568h@2x.png */ = {isa = PBXFileReference; lastKnownFileType = image.png; path = "LaunchImage-700-568h@2x.png"; sourceTree = "<group>"; };
		B06CD76B1BD09B7A0020C15E /* LaunchImage-700@2x.png */ = {isa = PBXFileReference; lastKnownFileType = image.png; path = "LaunchImage-700@2x.png"; sourceTree = "<group>"; };
		B06CD76C1BD09B7A0020C15E /* LaunchImage-800-667h@2x.png */ = {isa = PBXFileReference; lastKnownFileType = image.png; path = "LaunchImage-800-667h@2x.png"; sourceTree = "<group>"; };
		B06CD76D1BD09B7A0020C15E /* LaunchImage-800-Portrait-736h@3x.png */ = {isa = PBXFileReference; lastKnownFileType = image.png; path = "LaunchImage-800-Portrait-736h@3x.png"; sourceTree = "<group>"; };
		B06CD76E1BD09B7A0020C15E /* like.png */ = {isa = PBXFileReference; lastKnownFileType = image.png; path = like.png; sourceTree = "<group>"; };
		B06CD76F1BD09B7A0020C15E /* Location-32@2x.png */ = {isa = PBXFileReference; lastKnownFileType = image.png; path = "Location-32@2x.png"; sourceTree = "<group>"; };
		B06CD7701BD09B7A0020C15E /* Medal-32@2x.png */ = {isa = PBXFileReference; lastKnownFileType = image.png; path = "Medal-32@2x.png"; sourceTree = "<group>"; };
		B06CD7711BD09B7A0020C15E /* News-32@2x.png */ = {isa = PBXFileReference; lastKnownFileType = image.png; path = "News-32@2x.png"; sourceTree = "<group>"; };
		B06CD7721BD09B7A0020C15E /* Online-32@2x.png */ = {isa = PBXFileReference; lastKnownFileType = image.png; path = "Online-32@2x.png"; sourceTree = "<group>"; };
		B06CD7731BD09B7A0020C15E /* PkgInfo */ = {isa = PBXFileReference; fileEncoding = 4; lastKnownFileType = text; path = PkgInfo; sourceTree = "<group>"; };
		B06CD7741BD09B7A0020C15E /* play_button.png */ = {isa = PBXFileReference; lastKnownFileType = image.png; path = play_button.png; sourceTree = "<group>"; };
		B06CD7751BD09B7A0020C15E /* retweet.png */ = {isa = PBXFileReference; lastKnownFileType = image.png; path = retweet.png; sourceTree = "<group>"; };
		B06CD7761BD09B7A0020C15E /* reveal-icon.png */ = {isa = PBXFileReference; lastKnownFileType = image.png; path = "reveal-icon.png"; sourceTree = "<group>"; };
		B06CD7771BD09B7A0020C15E /* reveal-icon@2x.png */ = {isa = PBXFileReference; lastKnownFileType = image.png; path = "reveal-icon@2x.png"; sourceTree = "<group>"; };
		B06CD7781BD09B7A0020C15E /* share.png */ = {isa = PBXFileReference; lastKnownFileType = image.png; path = share.png; sourceTree = "<group>"; };
		B06CD7791BD09B7A0020C15E /* Shopping-Bag-32@2x.png */ = {isa = PBXFileReference; lastKnownFileType = image.png; path = "Shopping-Bag-32@2x.png"; sourceTree = "<group>"; };
		B06CD77A1BD09B7A0020C15E /* Stack-Photos-32@2x.png */ = {isa = PBXFileReference; lastKnownFileType = image.png; path = "Stack-Photos-32@2x.png"; sourceTree = "<group>"; };
		B06CD77B1BD09B7A0020C15E /* star.png */ = {isa = PBXFileReference; lastKnownFileType = image.png; path = star.png; sourceTree = "<group>"; };
		B06CD77C1BD09B7A0020C15E /* style.css */ = {isa = PBXFileReference; fileEncoding = 4; lastKnownFileType = text.css; path = style.css; sourceTree = "<group>"; };
		B06CD77D1BD09B7A0020C15E /* TV-Show-32@2x.png */ = {isa = PBXFileReference; lastKnownFileType = image.png; path = "TV-Show-32@2x.png"; sourceTree = "<group>"; };
		B06CD77E1BD09B7A0020C15E /* Twitter-32@2x.png */ = {isa = PBXFileReference; lastKnownFileType = image.png; path = "Twitter-32@2x.png"; sourceTree = "<group>"; };
		B06CD77F1BD09B7A0020C15E /* wf.png */ = {isa = PBXFileReference; lastKnownFileType = image.png; path = wf.png; sourceTree = "<group>"; };
		B06CD7801BD09B7A0020C15E /* youtube.png */ = {isa = PBXFileReference; lastKnownFileType = image.png; path = youtube.png; sourceTree = "<group>"; };
/* End PBXFileReference section */

/* Begin PBXFrameworksBuildPhase section */
		B04A9F7D1BCE45FC000EF2E2 /* Frameworks */ = {
			isa = PBXFrameworksBuildPhase;
			buildActionMask = 2147483647;
			files = (
				9D9C8CE2D713FCF01836848A /* libPods.a in Frameworks */,
			);
			runOnlyForDeploymentPostprocessing = 0;
		};
		B04A9F961BCE45FC000EF2E2 /* Frameworks */ = {
			isa = PBXFrameworksBuildPhase;
			buildActionMask = 2147483647;
			files = (
			);
			runOnlyForDeploymentPostprocessing = 0;
		};
/* End PBXFrameworksBuildPhase section */

/* Begin PBXGroup section */
		80C5BC3AC7C749A749E94CF1 /* Pods */ = {
			isa = PBXGroup;
			children = (
				A057D7A1D31F1BC4B4BC4FDB /* Pods.debug.xcconfig */,
				349551661278427623EAC986 /* Pods.release.xcconfig */,
			);
			name = Pods;
			sourceTree = "<group>";
		};
		B04A9F771BCE45FC000EF2E2 = {
			isa = PBXGroup;
			children = (
				B04A9F821BCE45FC000EF2E2 /* 医药大典 */,
				B04A9F9C1BCE45FC000EF2E2 /* 医药大典Tests */,
				B04A9F811BCE45FC000EF2E2 /* Products */,
				80C5BC3AC7C749A749E94CF1 /* Pods */,
				C272B3817813C0455E51CE76 /* Frameworks */,
			);
			sourceTree = "<group>";
		};
		B04A9F811BCE45FC000EF2E2 /* Products */ = {
			isa = PBXGroup;
			children = (
				B04A9F801BCE45FC000EF2E2 /* 医药大典.app */,
				B04A9F991BCE45FC000EF2E2 /* 医药大典Tests.xctest */,
			);
			name = Products;
			sourceTree = "<group>";
		};
		B04A9F821BCE45FC000EF2E2 /* 医药大典 */ = {
			isa = PBXGroup;
			children = (
				B04A9FA91BCE4927000EF2E2 /* Basic */,
				B04A9FAB1BCE4927000EF2E2 /* NetWorking */,
				B04A9FAC1BCE4927000EF2E2 /* UI */,
				B04A9FAF1BCE4927000EF2E2 /* Unite */,
				B04A9F871BCE45FC000EF2E2 /* AppDelegate.h */,
				B04A9F881BCE45FC000EF2E2 /* AppDelegate.m */,
				B04A9F8D1BCE45FC000EF2E2 /* Main.storyboard */,
				B04A9F901BCE45FC000EF2E2 /* Images.xcassets */,
				B04A9F921BCE45FC000EF2E2 /* LaunchScreen.xib */,
				B04A9F831BCE45FC000EF2E2 /* Supporting Files */,
			);
			path = "医药大典";
			sourceTree = "<group>";
		};
		B04A9F831BCE45FC000EF2E2 /* Supporting Files */ = {
			isa = PBXGroup;
			children = (
				B04A9F841BCE45FC000EF2E2 /* Info.plist */,
				B04A9F851BCE45FC000EF2E2 /* main.m */,
			);
			name = "Supporting Files";
			sourceTree = "<group>";
		};
		B04A9F9C1BCE45FC000EF2E2 /* 医药大典Tests */ = {
			isa = PBXGroup;
			children = (
				B04A9F9F1BCE45FC000EF2E2 /* ____Tests.m */,
				B04A9F9D1BCE45FC000EF2E2 /* Supporting Files */,
			);
			path = "医药大典Tests";
			sourceTree = "<group>";
		};
		B04A9F9D1BCE45FC000EF2E2 /* Supporting Files */ = {
			isa = PBXGroup;
			children = (
				B04A9F9E1BCE45FC000EF2E2 /* Info.plist */,
			);
			name = "Supporting Files";
			sourceTree = "<group>";
		};
		B04A9FA91BCE4927000EF2E2 /* Basic */ = {
			isa = PBXGroup;
			children = (
				B04A9FAA1BCE4927000EF2E2 /* images */,
			);
			path = Basic;
			sourceTree = "<group>";
		};
		B04A9FAA1BCE4927000EF2E2 /* images */ = {
			isa = PBXGroup;
			children = (
				B06CD7501BD09B7A0020C15E /* AppIcon29x29@2x.png */,
				B06CD7511BD09B7A0020C15E /* AppIcon29x29@3x.png */,
				B06CD7521BD09B7A0020C15E /* AppIcon40x40@2x.png */,
				B06CD7531BD09B7A0020C15E /* AppIcon40x40@3x.png */,
				B06CD7541BD09B7A0020C15E /* AppIcon60x60@2x.png */,
				B06CD7551BD09B7A0020C15E /* AppIcon60x60@3x.png */,
				B06CD7561BD09B7A0020C15E /* blur.jpg */,
				B06CD7571BD09B7A0020C15E /* btn_post.png */,
				B06CD7581BD09B7A0020C15E /* btn_post@2x.png */,
				B06CD7591BD09B7A0020C15E /* Clock-32@2x.png */,
				B06CD75A1BD09B7A0020C15E /* comment.png */,
				B06CD75B1BD09B7A0020C15E /* Comments-32@2x.png */,
				B06CD75C1BD09B7A0020C15E /* default_placeholder.png */,
				B06CD75D1BD09B7A0020C15E /* Domain-32@2x.png */,
				B06CD75E1BD09B7A0020C15E /* enlarge.png */,
				B06CD75F1BD09B7A0020C15E /* equalizer.gif */,
				B06CD7601BD09B7A0020C15E /* Facebook-32@2x.png */,
				B06CD7611BD09B7A0020C15E /* forward-512.png */,
				B06CD7621BD09B7A0020C15E /* Graduation-Cap-32@2x.png */,
				B06CD7631BD09B7A0020C15E /* ic_menu_back.png */,
				B06CD7641BD09B7A0020C15E /* ic_menu_forward.png */,
				B06CD7651BD09B7A0020C15E /* ic_pause_active.png */,
				B06CD7661BD09B7A0020C15E /* ic_pause_unactive.png */,
				B06CD7671BD09B7A0020C15E /* ic_play_active.png */,
				B06CD7681BD09B7A0020C15E /* ic_play_unactive.png */,
				B06CD7691BD09B7A0020C15E /* Instagram-32@2x.png */,
				B06CD76A1BD09B7A0020C15E /* LaunchImage-700-568h@2x.png */,
				B06CD76B1BD09B7A0020C15E /* LaunchImage-700@2x.png */,
				B06CD76C1BD09B7A0020C15E /* LaunchImage-800-667h@2x.png */,
				B06CD76D1BD09B7A0020C15E /* LaunchImage-800-Portrait-736h@3x.png */,
				B06CD76E1BD09B7A0020C15E /* like.png */,
				B06CD76F1BD09B7A0020C15E /* Location-32@2x.png */,
				B06CD7701BD09B7A0020C15E /* Medal-32@2x.png */,
				B06CD7711BD09B7A0020C15E /* News-32@2x.png */,
				B06CD7721BD09B7A0020C15E /* Online-32@2x.png */,
				B06CD7731BD09B7A0020C15E /* PkgInfo */,
				B06CD7741BD09B7A0020C15E /* play_button.png */,
				B06CD7751BD09B7A0020C15E /* retweet.png */,
				B06CD7761BD09B7A0020C15E /* reveal-icon.png */,
				B06CD7771BD09B7A0020C15E /* reveal-icon@2x.png */,
				B06CD7781BD09B7A0020C15E /* share.png */,
				B06CD7791BD09B7A0020C15E /* Shopping-Bag-32@2x.png */,
				B06CD77A1BD09B7A0020C15E /* Stack-Photos-32@2x.png */,
				B06CD77B1BD09B7A0020C15E /* star.png */,
				B06CD77C1BD09B7A0020C15E /* style.css */,
				B06CD77D1BD09B7A0020C15E /* TV-Show-32@2x.png */,
				B06CD77E1BD09B7A0020C15E /* Twitter-32@2x.png */,
				B06CD77F1BD09B7A0020C15E /* wf.png */,
				B06CD7801BD09B7A0020C15E /* youtube.png */,
			);
			path = images;
			sourceTree = "<group>";
		};
		B04A9FAB1BCE4927000EF2E2 /* NetWorking */ = {
			isa = PBXGroup;
			children = (
			);
			path = NetWorking;
			sourceTree = "<group>";
		};
		B04A9FAC1BCE4927000EF2E2 /* UI */ = {
			isa = PBXGroup;
			children = (
				B04A9FAD1BCE4927000EF2E2 /* Controller */,
				B04A9FAE1BCE4927000EF2E2 /* View */,
			);
			path = UI;
			sourceTree = "<group>";
		};
		B04A9FAD1BCE4927000EF2E2 /* Controller */ = {
			isa = PBXGroup;
			children = (
				B04A9FB11BCE49B0000EF2E2 /* MainViewController.h */,
				B04A9FB21BCE49B0000EF2E2 /* MainViewController.m */,
				B04A9FB41BCE4ADE000EF2E2 /* TitleViewController.h */,
				B04A9FB51BCE4ADE000EF2E2 /* TitleViewController.m */,
				B04A9FB71BCE4B07000EF2E2 /* FirstViewController.h */,
				B04A9FB81BCE4B07000EF2E2 /* FirstViewController.m */,
				B04A9FBA1BCE4E4A000EF2E2 /* DetailViewController.h */,
				B04A9FBB1BCE4E4A000EF2E2 /* DetailViewController.m */,
				B04A9FBD1BCE510E000EF2E2 /* DetailOneViewController.h */,
				B04A9FBE1BCE510E000EF2E2 /* DetailOneViewController.m */,
			);
			path = Controller;
			sourceTree = "<group>";
		};
		B04A9FAE1BCE4927000EF2E2 /* View */ = {
			isa = PBXGroup;
			children = (
				B06CD74D1BCFD5F70020C15E /* ShadowView.h */,
				B06CD74E1BCFD5F70020C15E /* ShadowView.m */,
			);
			path = View;
			sourceTree = "<group>";
		};
		B04A9FAF1BCE4927000EF2E2 /* Unite */ = {
			isa = PBXGroup;
			children = (
				B04A9FB01BCE4927000EF2E2 /* Beans */,
			);
			path = Unite;
			sourceTree = "<group>";
		};
		B04A9FB01BCE4927000EF2E2 /* Beans */ = {
			isa = PBXGroup;
			children = (
			);
			path = Beans;
			sourceTree = "<group>";
		};
		C272B3817813C0455E51CE76 /* Frameworks */ = {
			isa = PBXGroup;
			children = (
				8DD71BA442C1F6C110335358 /* libPods.a */,
			);
			name = Frameworks;
			sourceTree = "<group>";
		};
/* End PBXGroup section */

/* Begin PBXNativeTarget section */
		B04A9F7F1BCE45FC000EF2E2 /* 医药大典 */ = {
			isa = PBXNativeTarget;
			buildConfigurationList = B04A9FA31BCE45FC000EF2E2 /* Build configuration list for PBXNativeTarget "医药大典" */;
			buildPhases = (
				6922C5B537AC27DDF3E148DE /* Check Pods Manifest.lock */,
				B04A9F7C1BCE45FC000EF2E2 /* Sources */,
				B04A9F7D1BCE45FC000EF2E2 /* Frameworks */,
				B04A9F7E1BCE45FC000EF2E2 /* Resources */,
				CBC37F5A0165A4ED4C3D1FFD /* Copy Pods Resources */,
			);
			buildRules = (
			);
			dependencies = (
			);
			name = "医药大典";
			productName = "医药大典";
			productReference = B04A9F801BCE45FC000EF2E2 /* 医药大典.app */;
			productType = "com.apple.product-type.application";
		};
		B04A9F981BCE45FC000EF2E2 /* 医药大典Tests */ = {
			isa = PBXNativeTarget;
			buildConfigurationList = B04A9FA61BCE45FC000EF2E2 /* Build configuration list for PBXNativeTarget "医药大典Tests" */;
			buildPhases = (
				B04A9F951BCE45FC000EF2E2 /* Sources */,
				B04A9F961BCE45FC000EF2E2 /* Frameworks */,
				B04A9F971BCE45FC000EF2E2 /* Resources */,
			);
			buildRules = (
			);
			dependencies = (
				B04A9F9B1BCE45FC000EF2E2 /* PBXTargetDependency */,
			);
			name = "医药大典Tests";
			productName = "医药大典Tests";
			productReference = B04A9F991BCE45FC000EF2E2 /* 医药大典Tests.xctest */;
			productType = "com.apple.product-type.bundle.unit-test";
		};
/* End PBXNativeTarget section */

/* Begin PBXProject section */
		B04A9F781BCE45FC000EF2E2 /* Project object */ = {
			isa = PBXProject;
			attributes = {
				LastUpgradeCheck = 0640;
				ORGANIZATIONNAME = fanzhirong;
				TargetAttributes = {
					B04A9F7F1BCE45FC000EF2E2 = {
						CreatedOnToolsVersion = 6.4;
					};
					B04A9F981BCE45FC000EF2E2 = {
						CreatedOnToolsVersion = 6.4;
						TestTargetID = B04A9F7F1BCE45FC000EF2E2;
					};
				};
			};
			buildConfigurationList = B04A9F7B1BCE45FC000EF2E2 /* Build configuration list for PBXProject "医药大典" */;
			compatibilityVersion = "Xcode 3.2";
			developmentRegion = English;
			hasScannedForEncodings = 0;
			knownRegions = (
				en,
				Base,
				"zh-Hans",
			);
			mainGroup = B04A9F771BCE45FC000EF2E2;
			productRefGroup = B04A9F811BCE45FC000EF2E2 /* Products */;
			projectDirPath = "";
			projectRoot = "";
			targets = (
				B04A9F7F1BCE45FC000EF2E2 /* 医药大典 */,
				B04A9F981BCE45FC000EF2E2 /* 医药大典Tests */,
			);
		};
/* End PBXProject section */

/* Begin PBXResourcesBuildPhase section */
		B04A9F7E1BCE45FC000EF2E2 /* Resources */ = {
			isa = PBXResourcesBuildPhase;
			buildActionMask = 2147483647;
			files = (
				B06CD7AA1BD09B7A0020C15E /* Shopping-Bag-32@2x.png in Resources */,
				B06CD7AD1BD09B7A0020C15E /* style.css in Resources */,
				B06CD7881BD09B7A0020C15E /* btn_post.png in Resources */,
				B06CD7A61BD09B7A0020C15E /* retweet.png in Resources */,
				B06CD78D1BD09B7A0020C15E /* default_placeholder.png in Resources */,
				B06CD7951BD09B7A0020C15E /* ic_menu_forward.png in Resources */,
				B06CD7831BD09B7A0020C15E /* AppIcon40x40@2x.png in Resources */,
				B06CD7A71BD09B7A0020C15E /* reveal-icon.png in Resources */,
				B06CD79C1BD09B7A0020C15E /* LaunchImage-700@2x.png in Resources */,
				B06CD78A1BD09B7A0020C15E /* Clock-32@2x.png in Resources */,
				B06CD7811BD09B7A0020C15E /* AppIcon29x29@2x.png in Resources */,
				B06CD79E1BD09B7A0020C15E /* LaunchImage-800-Portrait-736h@3x.png in Resources */,
				B06CD7981BD09B7A0020C15E /* ic_play_active.png in Resources */,
				B06CD7841BD09B7A0020C15E /* AppIcon40x40@3x.png in Resources */,
				B04A9F8F1BCE45FC000EF2E2 /* Main.storyboard in Resources */,
				B06CD79A1BD09B7A0020C15E /* Instagram-32@2x.png in Resources */,
				B06CD7911BD09B7A0020C15E /* Facebook-32@2x.png in Resources */,
				B06CD7AF1BD09B7A0020C15E /* Twitter-32@2x.png in Resources */,
				B06CD7A91BD09B7A0020C15E /* share.png in Resources */,
				B06CD7891BD09B7A0020C15E /* btn_post@2x.png in Resources */,
				B06CD7A01BD09B7A0020C15E /* Location-32@2x.png in Resources */,
				B04A9F941BCE45FC000EF2E2 /* LaunchScreen.xib in Resources */,
				B06CD7931BD09B7A0020C15E /* Graduation-Cap-32@2x.png in Resources */,
				B06CD7961BD09B7A0020C15E /* ic_pause_active.png in Resources */,
				B06CD7A41BD09B7A0020C15E /* PkgInfo in Resources */,
				B04A9F911BCE45FC000EF2E2 /* Images.xcassets in Resources */,
				B06CD78C1BD09B7A0020C15E /* Comments-32@2x.png in Resources */,
				B06CD78E1BD09B7A0020C15E /* Domain-32@2x.png in Resources */,
				B06CD7AC1BD09B7A0020C15E /* star.png in Resources */,
				B06CD79D1BD09B7A0020C15E /* LaunchImage-800-667h@2x.png in Resources */,
				B06CD7901BD09B7A0020C15E /* equalizer.gif in Resources */,
				B06CD7B11BD09B7A0020C15E /* youtube.png in Resources */,
				B06CD78F1BD09B7A0020C15E /* enlarge.png in Resources */,
				B06CD7A31BD09B7A0020C15E /* Online-32@2x.png in Resources */,
				B06CD7871BD09B7A0020C15E /* blur.jpg in Resources */,
				B06CD7A51BD09B7A0020C15E /* play_button.png in Resources */,
				B06CD79F1BD09B7A0020C15E /* like.png in Resources */,
				B06CD7921BD09B7A0020C15E /* forward-512.png in Resources */,
				B06CD7AE1BD09B7A0020C15E /* TV-Show-32@2x.png in Resources */,
				B06CD7851BD09B7A0020C15E /* AppIcon60x60@2x.png in Resources */,
				B06CD7991BD09B7A0020C15E /* ic_play_unactive.png in Resources */,
				B06CD7A81BD09B7A0020C15E /* reveal-icon@2x.png in Resources */,
				B06CD7AB1BD09B7A0020C15E /* Stack-Photos-32@2x.png in Resources */,
				B06CD7B01BD09B7A0020C15E /* wf.png in Resources */,
				B06CD7A11BD09B7A0020C15E /* Medal-32@2x.png in Resources */,
				B06CD7941BD09B7A0020C15E /* ic_menu_back.png in Resources */,
				B06CD7861BD09B7A0020C15E /* AppIcon60x60@3x.png in Resources */,
				B06CD79B1BD09B7A0020C15E /* LaunchImage-700-568h@2x.png in Resources */,
				B06CD7971BD09B7A0020C15E /* ic_pause_unactive.png in Resources */,
				B06CD7821BD09B7A0020C15E /* AppIcon29x29@3x.png in Resources */,
				B06CD78B1BD09B7A0020C15E /* comment.png in Resources */,
				B06CD7A21BD09B7A0020C15E /* News-32@2x.png in Resources */,
			);
			runOnlyForDeploymentPostprocessing = 0;
		};
		B04A9F971BCE45FC000EF2E2 /* Resources */ = {
			isa = PBXResourcesBuildPhase;
			buildActionMask = 2147483647;
			files = (
			);
			runOnlyForDeploymentPostprocessing = 0;
		};
/* End PBXResourcesBuildPhase section */

/* Begin PBXShellScriptBuildPhase section */
		6922C5B537AC27DDF3E148DE /* Check Pods Manifest.lock */ = {
			isa = PBXShellScriptBuildPhase;
			buildActionMask = 2147483647;
			files = (
			);
			inputPaths = (
			);
			name = "Check Pods Manifest.lock";
			outputPaths = (
			);
			runOnlyForDeploymentPostprocessing = 0;
			shellPath = /bin/sh;
			shellScript = "diff \"${PODS_ROOT}/../Podfile.lock\" \"${PODS_ROOT}/Manifest.lock\" > /dev/null\nif [[ $? != 0 ]] ; then\n    cat << EOM\nerror: The sandbox is not in sync with the Podfile.lock. Run 'pod install' or update your CocoaPods installation.\nEOM\n    exit 1\nfi\n";
			showEnvVarsInLog = 0;
		};
		CBC37F5A0165A4ED4C3D1FFD /* Copy Pods Resources */ = {
			isa = PBXShellScriptBuildPhase;
			buildActionMask = 2147483647;
			files = (
			);
			inputPaths = (
			);
			name = "Copy Pods Resources";
			outputPaths = (
			);
			runOnlyForDeploymentPostprocessing = 0;
			shellPath = /bin/sh;
			shellScript = "\"${SRCROOT}/Pods/Target Support Files/Pods/Pods-resources.sh\"\n";
			showEnvVarsInLog = 0;
		};
/* End PBXShellScriptBuildPhase section */

/* Begin PBXSourcesBuildPhase section */
		B04A9F7C1BCE45FC000EF2E2 /* Sources */ = {
			isa = PBXSourcesBuildPhase;
			buildActionMask = 2147483647;
			files = (
				B06CD74F1BCFD5F70020C15E /* ShadowView.m in Sources */,
				B04A9F891BCE45FC000EF2E2 /* AppDelegate.m in Sources */,
				B04A9FB61BCE4ADE000EF2E2 /* TitleViewController.m in Sources */,
				B04A9FB91BCE4B07000EF2E2 /* FirstViewController.m in Sources */,
				B04A9FB31BCE49B0000EF2E2 /* MainViewController.m in Sources */,
				B04A9FBF1BCE510E000EF2E2 /* DetailOneViewController.m in Sources */,
				B04A9F861BCE45FC000EF2E2 /* main.m in Sources */,
				B04A9FBC1BCE4E4A000EF2E2 /* DetailViewController.m in Sources */,
			);
			runOnlyForDeploymentPostprocessing = 0;
		};
		B04A9F951BCE45FC000EF2E2 /* Sources */ = {
			isa = PBXSourcesBuildPhase;
			buildActionMask = 2147483647;
			files = (
				B04A9FA01BCE45FC000EF2E2 /* ____Tests.m in Sources */,
			);
			runOnlyForDeploymentPostprocessing = 0;
		};
/* End PBXSourcesBuildPhase section */

/* Begin PBXTargetDependency section */
		B04A9F9B1BCE45FC000EF2E2 /* PBXTargetDependency */ = {
			isa = PBXTargetDependency;
			target = B04A9F7F1BCE45FC000EF2E2 /* 医药大典 */;
			targetProxy = B04A9F9A1BCE45FC000EF2E2 /* PBXContainerItemProxy */;
		};
/* End PBXTargetDependency section */

/* Begin PBXVariantGroup section */
		B04A9F8D1BCE45FC000EF2E2 /* Main.storyboard */ = {
			isa = PBXVariantGroup;
			children = (
				B04A9F8E1BCE45FC000EF2E2 /* Base */,
				B04A9FC01BCE74D2000EF2E2 /* zh-Hans */,
			);
			name = Main.storyboard;
			sourceTree = "<group>";
		};
		B04A9F921BCE45FC000EF2E2 /* LaunchScreen.xib */ = {
			isa = PBXVariantGroup;
			children = (
				B04A9F931BCE45FC000EF2E2 /* Base */,
				B04A9FC11BCE74D2000EF2E2 /* zh-Hans */,
			);
			name = LaunchScreen.xib;
			sourceTree = "<group>";
		};
/* End PBXVariantGroup section */

/* Begin XCBuildConfiguration section */
		B04A9FA11BCE45FC000EF2E2 /* Debug */ = {
			isa = XCBuildConfiguration;
			buildSettings = {
				ALWAYS_SEARCH_USER_PATHS = NO;
				CLANG_CXX_LANGUAGE_STANDARD = "gnu++0x";
				CLANG_CXX_LIBRARY = "libc++";
				CLANG_ENABLE_MODULES = YES;
				CLANG_ENABLE_OBJC_ARC = YES;
				CLANG_WARN_BOOL_CONVERSION = YES;
				CLANG_WARN_CONSTANT_CONVERSION = YES;
				CLANG_WARN_DIRECT_OBJC_ISA_USAGE = YES_ERROR;
				CLANG_WARN_EMPTY_BODY = YES;
				CLANG_WARN_ENUM_CONVERSION = YES;
				CLANG_WARN_INT_CONVERSION = YES;
				CLANG_WARN_OBJC_ROOT_CLASS = YES_ERROR;
				CLANG_WARN_UNREACHABLE_CODE = YES;
				CLANG_WARN__DUPLICATE_METHOD_MATCH = YES;
				"CODE_SIGN_IDENTITY[sdk=iphoneos*]" = "iPhone Developer";
				COPY_PHASE_STRIP = NO;
				DEBUG_INFORMATION_FORMAT = "dwarf-with-dsym";
				ENABLE_STRICT_OBJC_MSGSEND = YES;
				GCC_C_LANGUAGE_STANDARD = gnu99;
				GCC_DYNAMIC_NO_PIC = NO;
				GCC_NO_COMMON_BLOCKS = YES;
				GCC_OPTIMIZATION_LEVEL = 0;
				GCC_PREPROCESSOR_DEFINITIONS = (
					"DEBUG=1",
					"$(inherited)",
				);
				GCC_SYMBOLS_PRIVATE_EXTERN = NO;
				GCC_WARN_64_TO_32_BIT_CONVERSION = YES;
				GCC_WARN_ABOUT_RETURN_TYPE = YES_ERROR;
				GCC_WARN_UNDECLARED_SELECTOR = YES;
				GCC_WARN_UNINITIALIZED_AUTOS = YES_AGGRESSIVE;
				GCC_WARN_UNUSED_FUNCTION = YES;
				GCC_WARN_UNUSED_VARIABLE = YES;
				IPHONEOS_DEPLOYMENT_TARGET = 8.4;
				MTL_ENABLE_DEBUG_INFO = YES;
				ONLY_ACTIVE_ARCH = YES;
				SDKROOT = iphoneos;
				TARGETED_DEVICE_FAMILY = "1,2";
			};
			name = Debug;
		};
		B04A9FA21BCE45FC000EF2E2 /* Release */ = {
			isa = XCBuildConfiguration;
			buildSettings = {
				ALWAYS_SEARCH_USER_PATHS = NO;
				CLANG_CXX_LANGUAGE_STANDARD = "gnu++0x";
				CLANG_CXX_LIBRARY = "libc++";
				CLANG_ENABLE_MODULES = YES;
				CLANG_ENABLE_OBJC_ARC = YES;
				CLANG_WARN_BOOL_CONVERSION = YES;
				CLANG_WARN_CONSTANT_CONVERSION = YES;
				CLANG_WARN_DIRECT_OBJC_ISA_USAGE = YES_ERROR;
				CLANG_WARN_EMPTY_BODY = YES;
				CLANG_WARN_ENUM_CONVERSION = YES;
				CLANG_WARN_INT_CONVERSION = YES;
				CLANG_WARN_OBJC_ROOT_CLASS = YES_ERROR;
				CLANG_WARN_UNREACHABLE_CODE = YES;
				CLANG_WARN__DUPLICATE_METHOD_MATCH = YES;
				"CODE_SIGN_IDENTITY[sdk=iphoneos*]" = "iPhone Developer";
				COPY_PHASE_STRIP = NO;
				DEBUG_INFORMATION_FORMAT = "dwarf-with-dsym";
				ENABLE_NS_ASSERTIONS = NO;
				ENABLE_STRICT_OBJC_MSGSEND = YES;
				GCC_C_LANGUAGE_STANDARD = gnu99;
				GCC_NO_COMMON_BLOCKS = YES;
				GCC_WARN_64_TO_32_BIT_CONVERSION = YES;
				GCC_WARN_ABOUT_RETURN_TYPE = YES_ERROR;
				GCC_WARN_UNDECLARED_SELECTOR = YES;
				GCC_WARN_UNINITIALIZED_AUTOS = YES_AGGRESSIVE;
				GCC_WARN_UNUSED_FUNCTION = YES;
				GCC_WARN_UNUSED_VARIABLE = YES;
				IPHONEOS_DEPLOYMENT_TARGET = 8.4;
				MTL_ENABLE_DEBUG_INFO = NO;
				SDKROOT = iphoneos;
				TARGETED_DEVICE_FAMILY = "1,2";
				VALIDATE_PRODUCT = YES;
			};
			name = Release;
		};
		B04A9FA41BCE45FC000EF2E2 /* Debug */ = {
			isa = XCBuildConfiguration;
			baseConfigurationReference = A057D7A1D31F1BC4B4BC4FDB /* Pods.debug.xcconfig */;
			buildSettings = {
				ASSETCATALOG_COMPILER_APPICON_NAME = AppIcon;
				INFOPLIST_FILE = "医药大典/Info.plist";
				LD_RUNPATH_SEARCH_PATHS = "$(inherited) @executable_path/Frameworks";
				PRODUCT_NAME = "$(TARGET_NAME)";
			};
			name = Debug;
		};
		B04A9FA51BCE45FC000EF2E2 /* Release */ = {
			isa = XCBuildConfiguration;
			baseConfigurationReference = 349551661278427623EAC986 /* Pods.release.xcconfig */;
			buildSettings = {
				ASSETCATALOG_COMPILER_APPICON_NAME = AppIcon;
				INFOPLIST_FILE = "医药大典/Info.plist";
				LD_RUNPATH_SEARCH_PATHS = "$(inherited) @executable_path/Frameworks";
				PRODUCT_NAME = "$(TARGET_NAME)";
			};
			name = Release;
		};
		B04A9FA71BCE45FC000EF2E2 /* Debug */ = {
			isa = XCBuildConfiguration;
			buildSettings = {
				BUNDLE_LOADER = "$(TEST_HOST)";
				FRAMEWORK_SEARCH_PATHS = (
					"$(SDKROOT)/Developer/Library/Frameworks",
					"$(inherited)",
				);
				GCC_PREPROCESSOR_DEFINITIONS = (
					"DEBUG=1",
					"$(inherited)",
				);
				INFOPLIST_FILE = "医药大典Tests/Info.plist";
				LD_RUNPATH_SEARCH_PATHS = "$(inherited) @executable_path/Frameworks @loader_path/Frameworks";
				PRODUCT_NAME = "$(TARGET_NAME)";
				TEST_HOST = "$(BUILT_PRODUCTS_DIR)/医药大典.app/医药大典";
			};
			name = Debug;
		};
		B04A9FA81BCE45FC000EF2E2 /* Release */ = {
			isa = XCBuildConfiguration;
			buildSettings = {
				BUNDLE_LOADER = "$(TEST_HOST)";
				FRAMEWORK_SEARCH_PATHS = (
					"$(SDKROOT)/Developer/Library/Frameworks",
					"$(inherited)",
				);
				INFOPLIST_FILE = "医药大典Tests/Info.plist";
				LD_RUNPATH_SEARCH_PATHS = "$(inherited) @executable_path/Frameworks @loader_path/Frameworks";
				PRODUCT_NAME = "$(TARGET_NAME)";
				TEST_HOST = "$(BUILT_PRODUCTS_DIR)/医药大典.app/医药大典";
			};
			name = Release;
		};
/* End XCBuildConfiguration section */

/* Begin XCConfigurationList section */
		B04A9F7B1BCE45FC000EF2E2 /* Build configuration list for PBXProject "医药大典" */ = {
			isa = XCConfigurationList;
			buildConfigurations = (
				B04A9FA11BCE45FC000EF2E2 /* Debug */,
				B04A9FA21BCE45FC000EF2E2 /* Release */,
			);
			defaultConfigurationIsVisible = 0;
			defaultConfigurationName = Release;
		};
		B04A9FA31BCE45FC000EF2E2 /* Build configuration list for PBXNativeTarget "医药大典" */ = {
			isa = XCConfigurationList;
			buildConfigurations = (
				B04A9FA41BCE45FC000EF2E2 /* Debug */,
				B04A9FA51BCE45FC000EF2E2 /* Release */,
			);
			defaultConfigurationIsVisible = 0;
			defaultConfigurationName = Release;
		};
		B04A9FA61BCE45FC000EF2E2 /* Build configuration list for PBXNativeTarget "医药大典Tests" */ = {
			isa = XCConfigurationList;
			buildConfigurations = (
				B04A9FA71BCE45FC000EF2E2 /* Debug */,
				B04A9FA81BCE45FC000EF2E2 /* Release */,
			);
			defaultConfigurationIsVisible = 0;
			defaultConfigurationName = Release;
		};
/* End XCConfigurationList section */
	};
	rootObject = B04A9F781BCE45FC000EF2E2 /* Project object */;
}
